// !$*UTF8*$!
{
	archiveVersion = 1;
	classes = {
	};
	objectVersion = 48;
	objects = {

/* Begin PBXBuildFile section */
		FFD7C0D42062A9640011C752 /* AppDelegate.swift in Sources */ = {isa = PBXBuildFile; fileRef = FFD7C0D32062A9640011C752 /* AppDelegate.swift */; };
		FFD7C0D62062A9640011C752 /* ViewController.swift in Sources */ = {isa = PBXBuildFile; fileRef = FFD7C0D52062A9640011C752 /* ViewController.swift */; };
		FFD7C0D92062A9640011C752 /* Main.storyboard in Resources */ = {isa = PBXBuildFile; fileRef = FFD7C0D72062A9640011C752 /* Main.storyboard */; };
		FFD7C0DB2062A9640011C752 /* Assets.xcassets in Resources */ = {isa = PBXBuildFile; fileRef = FFD7C0DA2062A9640011C752 /* Assets.xcassets */; };
		FFD7C0DE2062A9640011C752 /* LaunchScreen.storyboard in Resources */ = {isa = PBXBuildFile; fileRef = FFD7C0DC2062A9640011C752 /* LaunchScreen.storyboard */; };
		FFD7C0E92062A9640011C752 /* iCarouselDemoTests.swift in Sources */ = {isa = PBXBuildFile; fileRef = FFD7C0E82062A9640011C752 /* iCarouselDemoTests.swift */; };
		FFD7C0F42062A9640011C752 /* iCarouselDemoUITests.swift in Sources */ = {isa = PBXBuildFile; fileRef = FFD7C0F32062A9640011C752 /* iCarouselDemoUITests.swift */; };
		FFD7C10A2062AC100011C752 /* iCarousel.m in Sources */ = {isa = PBXBuildFile; fileRef = FFD7C1092062AC100011C752 /* iCarousel.m */; };
		FFD7C10C2062B0A00011C752 /* CustomView.xib in Resources */ = {isa = PBXBuildFile; fileRef = FFD7C10B2062B0A00011C752 /* CustomView.xib */; };
		FFD7C10E2062B0BD0011C752 /* CustomView.swift in Sources */ = {isa = PBXBuildFile; fileRef = FFD7C10D2062B0BD0011C752 /* CustomView.swift */; };
/* End PBXBuildFile section */

/* Begin PBXContainerItemProxy section */
		FFD7C0E52062A9640011C752 /* PBXContainerItemProxy */ = {
			isa = PBXContainerItemProxy;
			containerPortal = FFD7C0C82062A9640011C752 /* Project object */;
			proxyType = 1;
			remoteGlobalIDString = FFD7C0CF2062A9640011C752;
			remoteInfo = iCarouselDemo;
		};
		FFD7C0F02062A9640011C752 /* PBXContainerItemProxy */ = {
			isa = PBXContainerItemProxy;
			containerPortal = FFD7C0C82062A9640011C752 /* Project object */;
			proxyType = 1;
			remoteGlobalIDString = FFD7C0CF2062A9640011C752;
			remoteInfo = iCarouselDemo;
		};
/* End PBXContainerItemProxy section */

/* Begin PBXFileReference section */
		FFD7C0D02062A9640011C752 /* iCarouselDemo.app */ = {isa = PBXFileReference; explicitFileType = wrapper.application; includeInIndex = 0; path = iCarouselDemo.app; sourceTree = BUILT_PRODUCTS_DIR; };
		FFD7C0D32062A9640011C752 /* AppDelegate.swift */ = {isa = PBXFileReference; lastKnownFileType = sourcecode.swift; path = AppDelegate.swift; sourceTree = "<group>"; };
		FFD7C0D52062A9640011C752 /* ViewController.swift */ = {isa = PBXFileReference; lastKnownFileType = sourcecode.swift; path = ViewController.swift; sourceTree = "<group>"; };
		FFD7C0D82062A9640011C752 /* Base */ = {isa = PBXFileReference; lastKnownFileType = file.storyboard; name = Base; path = Base.lproj/Main.storyboard; sourceTree = "<group>"; };
		FFD7C0DA2062A9640011C752 /* Assets.xcassets */ = {isa = PBXFileReference; lastKnownFileType = folder.assetcatalog; path = Assets.xcassets; sourceTree = "<group>"; };
		FFD7C0DD2062A9640011C752 /* Base */ = {isa = PBXFileReference; lastKnownFileType = file.storyboard; name = Base; path = Base.lproj/LaunchScreen.storyboard; sourceTree = "<group>"; };
		FFD7C0DF2062A9640011C752 /* Info.plist */ = {isa = PBXFileReference; lastKnownFileType = text.plist.xml; path = Info.plist; sourceTree = "<group>"; };
		FFD7C0E42062A9640011C752 /* iCarouselDemoTests.xctest */ = {isa = PBXFileReference; explicitFileType = wrapper.cfbundle; includeInIndex = 0; path = iCarouselDemoTests.xctest; sourceTree = BUILT_PRODUCTS_DIR; };
		FFD7C0E82062A9640011C752 /* iCarouselDemoTests.swift */ = {isa = PBXFileReference; lastKnownFileType = sourcecode.swift; path = iCarouselDemoTests.swift; sourceTree = "<group>"; };
		FFD7C0EA2062A9640011C752 /* Info.plist */ = {isa = PBXFileReference; lastKnownFileType = text.plist.xml; path = Info.plist; sourceTree = "<group>"; };
		FFD7C0EF2062A9640011C752 /* iCarouselDemoUITests.xctest */ = {isa = PBXFileReference; explicitFileType = wrapper.cfbundle; includeInIndex = 0; path = iCarouselDemoUITests.xctest; sourceTree = BUILT_PRODUCTS_DIR; };
		FFD7C0F32062A9640011C752 /* iCarouselDemoUITests.swift */ = {isa = PBXFileReference; lastKnownFileType = sourcecode.swift; path = iCarouselDemoUITests.swift; sourceTree = "<group>"; };
		FFD7C0F52062A9640011C752 /* Info.plist */ = {isa = PBXFileReference; lastKnownFileType = text.plist.xml; path = Info.plist; sourceTree = "<group>"; };
		FFD7C1072062AC100011C752 /* iCarouselDemo-Bridging-Header.h */ = {isa = PBXFileReference; fileEncoding = 4; lastKnownFileType = sourcecode.c.h; path = "iCarouselDemo-Bridging-Header.h"; sourceTree = "<group>"; };
		FFD7C1082062AC100011C752 /* iCarousel.h */ = {isa = PBXFileReference; fileEncoding = 4; lastKnownFileType = sourcecode.c.h; path = iCarousel.h; sourceTree = "<group>"; };
		FFD7C1092062AC100011C752 /* iCarousel.m */ = {isa = PBXFileReference; fileEncoding = 4; lastKnownFileType = sourcecode.c.objc; path = iCarousel.m; sourceTree = "<group>"; };
		FFD7C10B2062B0A00011C752 /* CustomView.xib */ = {isa = PBXFileReference; lastKnownFileType = file.xib; path = CustomView.xib; sourceTree = "<group>"; };
		FFD7C10D2062B0BD0011C752 /* CustomView.swift */ = {isa = PBXFileReference; lastKnownFileType = sourcecode.swift; path = CustomView.swift; sourceTree = "<group>"; };
/* End PBXFileReference section */

/* Begin PBXFrameworksBuildPhase section */
		FFD7C0CD2062A9640011C752 /* Frameworks */ = {
			isa = PBXFrameworksBuildPhase;
			buildActionMask = 2147483647;
			files = (
			);
			runOnlyForDeploymentPostprocessing = 0;
		};
		FFD7C0E12062A9640011C752 /* Frameworks */ = {
			isa = PBXFrameworksBuildPhase;
			buildActionMask = 2147483647;
			files = (
			);
			runOnlyForDeploymentPostprocessing = 0;
		};
		FFD7C0EC2062A9640011C752 /* Frameworks */ = {
			isa = PBXFrameworksBuildPhase;
			buildActionMask = 2147483647;
			files = (
			);
			runOnlyForDeploymentPostprocessing = 0;
		};
/* End PBXFrameworksBuildPhase section */

/* Begin PBXGroup section */
		FFD7C0C72062A9640011C752 = {
			isa = PBXGroup;
			children = (
				FFD7C0D22062A9640011C752 /* iCarouselDemo */,
				FFD7C0E72062A9640011C752 /* iCarouselDemoTests */,
				FFD7C0F22062A9640011C752 /* iCarouselDemoUITests */,
				FFD7C0D12062A9640011C752 /* Products */,
			);
			sourceTree = "<group>";
		};
		FFD7C0D12062A9640011C752 /* Products */ = {
			isa = PBXGroup;
			children = (
				FFD7C0D02062A9640011C752 /* iCarouselDemo.app */,
				FFD7C0E42062A9640011C752 /* iCarouselDemoTests.xctest */,
				FFD7C0EF2062A9640011C752 /* iCarouselDemoUITests.xctest */,
			);
			name = Products;
			sourceTree = "<group>";
		};
		FFD7C0D22062A9640011C752 /* iCarouselDemo */ = {
			isa = PBXGroup;
			children = (
				FFD7C1082062AC100011C752 /* iCarousel.h */,
				FFD7C1092062AC100011C752 /* iCarousel.m */,
				FFD7C1072062AC100011C752 /* iCarouselDemo-Bridging-Header.h */,
				FFD7C0D32062A9640011C752 /* AppDelegate.swift */,
				FFD7C0D52062A9640011C752 /* ViewController.swift */,
				FFD7C0D72062A9640011C752 /* Main.storyboard */,
				FFD7C0DA2062A9640011C752 /* Assets.xcassets */,
				FFD7C0DC2062A9640011C752 /* LaunchScreen.storyboard */,
				FFD7C0DF2062A9640011C752 /* Info.plist */,
				FFD7C10B2062B0A00011C752 /* CustomView.xib */,
				FFD7C10D2062B0BD0011C752 /* CustomView.swift */,
			);
			path = iCarouselDemo;
			sourceTree = "<group>";
		};
		FFD7C0E72062A9640011C752 /* iCarouselDemoTests */ = {
			isa = PBXGroup;
			children = (
				FFD7C0E82062A9640011C752 /* iCarouselDemoTests.swift */,
				FFD7C0EA2062A9640011C752 /* Info.plist */,
			);
			path = iCarouselDemoTests;
			sourceTree = "<group>";
		};
		FFD7C0F22062A9640011C752 /* iCarouselDemoUITests */ = {
			isa = PBXGroup;
			children = (
				FFD7C0F32062A9640011C752 /* iCarouselDemoUITests.swift */,
				FFD7C0F52062A9640011C752 /* Info.plist */,
			);
			path = iCarouselDemoUITests;
			sourceTree = "<group>";
		};
/* End PBXGroup section */

/* Begin PBXNativeTarget section */
		FFD7C0CF2062A9640011C752 /* iCarouselDemo */ = {
			isa = PBXNativeTarget;
			buildConfigurationList = FFD7C0F82062A9640011C752 /* Build configuration list for PBXNativeTarget "iCarouselDemo" */;
			buildPhases = (
				FFD7C0CC2062A9640011C752 /* Sources */,
				FFD7C0CD2062A9640011C752 /* Frameworks */,
				FFD7C0CE2062A9640011C752 /* Resources */,
			);
			buildRules = (
			);
			dependencies = (
			);
			name = iCarouselDemo;
			productName = iCarouselDemo;
			productReference = FFD7C0D02062A9640011C752 /* iCarouselDemo.app */;
			productType = "com.apple.product-type.application";
		};
		FFD7C0E32062A9640011C752 /* iCarouselDemoTests */ = {
			isa = PBXNativeTarget;
			buildConfigurationList = FFD7C0FB2062A9640011C752 /* Build configuration list for PBXNativeTarget "iCarouselDemoTests" */;
			buildPhases = (
				FFD7C0E02062A9640011C752 /* Sources */,
				FFD7C0E12062A9640011C752 /* Frameworks */,
				FFD7C0E22062A9640011C752 /* Resources */,
			);
			buildRules = (
			);
			dependencies = (
				FFD7C0E62062A9640011C752 /* PBXTargetDependency */,
			);
			name = iCarouselDemoTests;
			productName = iCarouselDemoTests;
			productReference = FFD7C0E42062A9640011C752 /* iCarouselDemoTests.xctest */;
			productType = "com.apple.product-type.bundle.unit-test";
		};
		FFD7C0EE2062A9640011C752 /* iCarouselDemoUITests */ = {
			isa = PBXNativeTarget;
			buildConfigurationList = FFD7C0FE2062A9640011C752 /* Build configuration list for PBXNativeTarget "iCarouselDemoUITests" */;
			buildPhases = (
				FFD7C0EB2062A9640011C752 /* Sources */,
				FFD7C0EC2062A9640011C752 /* Frameworks */,
				FFD7C0ED2062A9640011C752 /* Resources */,
			);
			buildRules = (
			);
			dependencies = (
				FFD7C0F12062A9640011C752 /* PBXTargetDependency */,
			);
			name = iCarouselDemoUITests;
			productName = iCarouselDemoUITests;
			productReference = FFD7C0EF2062A9640011C752 /* iCarouselDemoUITests.xctest */;
			productType = "com.apple.product-type.bundle.ui-testing";
		};
/* End PBXNativeTarget section */

/* Begin PBXProject section */
		FFD7C0C82062A9640011C752 /* Project object */ = {
			isa = PBXProject;
			attributes = {
				LastSwiftUpdateCheck = 0920;
				LastUpgradeCheck = 0920;
				ORGANIZATIONNAME = "Kondiram Sonawane";
				TargetAttributes = {
					FFD7C0CF2062A9640011C752 = {
						CreatedOnToolsVersion = 9.2;
						ProvisioningStyle = Automatic;
					};
					FFD7C0E32062A9640011C752 = {
						CreatedOnToolsVersion = 9.2;
						ProvisioningStyle = Automatic;
						TestTargetID = FFD7C0CF2062A9640011C752;
					};
					FFD7C0EE2062A9640011C752 = {
						CreatedOnToolsVersion = 9.2;
						ProvisioningStyle = Automatic;
						TestTargetID = FFD7C0CF2062A9640011C752;
					};
				};
			};
			buildConfigurationList = FFD7C0CB2062A9640011C752 /* Build configuration list for PBXProject "iCarouselDemo" */;
			compatibilityVersion = "Xcode 8.0";
			developmentRegion = en;
			hasScannedForEncodings = 0;
			knownRegions = (
				en,
				Base,
			);
			mainGroup = FFD7C0C72062A9640011C752;
			productRefGroup = FFD7C0D12062A9640011C752 /* Products */;
			projectDirPath = "";
			projectRoot = "";
			targets = (
				FFD7C0CF2062A9640011C752 /* iCarouselDemo */,
				FFD7C0E32062A9640011C752 /* iCarouselDemoTests */,
				FFD7C0EE2062A9640011C752 /* iCarouselDemoUITests */,
			);
		};
/* End PBXProject section */

/* Begin PBXResourcesBuildPhase section */
		FFD7C0CE2062A9640011C752 /* Resources */ = {
			isa = PBXResourcesBuildPhase;
			buildActionMask = 2147483647;
			files = (
				FFD7C0DE2062A9640011C752 /* LaunchScreen.storyboard in Resources */,
				FFD7C10C2062B0A00011C752 /* CustomView.xib in Resources */,
				FFD7C0DB2062A9640011C752 /* Assets.xcassets in Resources */,
				FFD7C0D92062A9640011C752 /* Main.storyboard in Resources */,
			);
			runOnlyForDeploymentPostprocessing = 0;
		};
		FFD7C0E22062A9640011C752 /* Resources */ = {
			isa = PBXResourcesBuildPhase;
			buildActionMask = 2147483647;
			files = (
			);
			runOnlyForDeploymentPostprocessing = 0;
		};
		FFD7C0ED2062A9640011C752 /* Resources */ = {
			isa = PBXResourcesBuildPhase;
			buildActionMask = 2147483647;
			files = (
			);
			runOnlyForDeploymentPostprocessing = 0;
		};
/* End PBXResourcesBuildPhase section */

/* Begin PBXSourcesBuildPhase section */
		FFD7C0CC2062A9640011C752 /* Sources */ = {
			isa = PBXSourcesBuildPhase;
			buildActionMask = 2147483647;
			files = (
				FFD7C10A2062AC100011C752 /* iCarousel.m in Sources */,
				FFD7C10E2062B0BD0011C752 /* CustomView.swift in Sources */,
				FFD7C0D62062A9640011C752 /* ViewController.swift in Sources */,
				FFD7C0D42062A9640011C752 /* AppDelegate.swift in Sources */,
			);
			runOnlyForDeploymentPostprocessing = 0;
		};
		FFD7C0E02062A9640011C752 /* Sources */ = {
			isa = PBXSourcesBuildPhase;
			buildActionMask = 2147483647;
			files = (
				FFD7C0E92062A9640011C752 /* iCarouselDemoTests.swift in Sources */,
			);
			runOnlyForDeploymentPostprocessing = 0;
		};
		FFD7C0EB2062A9640011C752 /* Sources */ = {
			isa = PBXSourcesBuildPhase;
			buildActionMask = 2147483647;
			files = (
				FFD7C0F42062A9640011C752 /* iCarouselDemoUITests.swift in Sources */,
			);
			runOnlyForDeploymentPostprocessing = 0;
		};
/* End PBXSourcesBuildPhase section */

/* Begin PBXTargetDependency section */
		FFD7C0E62062A9640011C752 /* PBXTargetDependency */ = {
			isa = PBXTargetDependency;
			target = FFD7C0CF2062A9640011C752 /* iCarouselDemo */;
			targetProxy = FFD7C0E52062A9640011C752 /* PBXContainerItemProxy */;
		};
		FFD7C0F12062A9640011C752 /* PBXTargetDependency */ = {
			isa = PBXTargetDependency;
			target = FFD7C0CF2062A9640011C752 /* iCarouselDemo */;
			targetProxy = FFD7C0F02062A9640011C752 /* PBXContainerItemProxy */;
		};
/* End PBXTargetDependency section */

/* Begin PBXVariantGroup section */
		FFD7C0D72062A9640011C752 /* Main.storyboard */ = {
			isa = PBXVariantGroup;
			children = (
				FFD7C0D82062A9640011C752 /* Base */,
			);
			name = Main.storyboard;
			sourceTree = "<group>";
		};
		FFD7C0DC2062A9640011C752 /* LaunchScreen.storyboard */ = {
			isa = PBXVariantGroup;
			children = (
				FFD7C0DD2062A9640011C752 /* Base */,
			);
			name = LaunchScreen.storyboard;
			sourceTree = "<group>";
		};
/* End PBXVariantGroup section */

/* Begin XCBuildConfiguration section */
		FFD7C0F62062A9640011C752 /* Debug */ = {
			isa = XCBuildConfiguration;
			buildSettings = {
				ALWAYS_SEARCH_USER_PATHS = NO;
				CLANG_ANALYZER_NONNULL = YES;
				CLANG_ANALYZER_NUMBER_OBJECT_CONVERSION = YES_AGGRESSIVE;
				CLANG_CXX_LANGUAGE_STANDARD = "gnu++14";
				CLANG_CXX_LIBRARY = "libc++";
				CLANG_ENABLE_MODULES = YES;
				CLANG_ENABLE_OBJC_ARC = YES;
				CLANG_WARN_BLOCK_CAPTURE_AUTORELEASING = YES;
				CLANG_WARN_BOOL_CONVERSION = YES;
				CLANG_WARN_COMMA = YES;
				CLANG_WARN_CONSTANT_CONVERSION = YES;
				CLANG_WARN_DIRECT_OBJC_ISA_USAGE = YES_ERROR;
				CLANG_WARN_DOCUMENTATION_COMMENTS = YES;
				CLANG_WARN_EMPTY_BODY = YES;
				CLANG_WARN_ENUM_CONVERSION = YES;
				CLANG_WARN_INFINITE_RECURSION = YES;
				CLANG_WARN_INT_CONVERSION = YES;
				CLANG_WARN_NON_LITERAL_NULL_CONVERSION = YES;
				CLANG_WARN_OBJC_LITERAL_CONVERSION = YES;
				CLANG_WARN_OBJC_ROOT_CLASS = YES_ERROR;
				CLANG_WARN_RANGE_LOOP_ANALYSIS = YES;
				CLANG_WARN_STRICT_PROTOTYPES = YES;
				CLANG_WARN_SUSPICIOUS_MOVE = YES;
				CLANG_WARN_UNGUARDED_AVAILABILITY = YES_AGGRESSIVE;
				CLANG_WARN_UNREACHABLE_CODE = YES;
				CLANG_WARN__DUPLICATE_METHOD_MATCH = YES;
				CODE_SIGN_IDENTITY = "iPhone Developer";
				COPY_PHASE_STRIP = NO;
				DEBUG_INFORMATION_FORMAT = dwarf;
				ENABLE_STRICT_OBJC_MSGSEND = YES;
				ENABLE_TESTABILITY = YES;
				GCC_C_LANGUAGE_STANDARD = gnu11;
				GCC_DYNAMIC_NO_PIC = NO;
				GCC_NO_COMMON_BLOCKS = YES;
				GCC_OPTIMIZATION_LEVEL = 0;
				GCC_PREPROCESSOR_DEFINITIONS = (
					"DEBUG=1",
					"$(inherited)",
				);
				GCC_WARN_64_TO_32_BIT_CONVERSION = YES;
				GCC_WARN_ABOUT_RETURN_TYPE = YES_ERROR;
				GCC_WARN_UNDECLARED_SELECTOR = YES;
				GCC_WARN_UNINITIALIZED_AUTOS = YES_AGGRESSIVE;
				GCC_WARN_UNUSED_FUNCTION = YES;
				GCC_WARN_UNUSED_VARIABLE = YES;
				IPHONEOS_DEPLOYMENT_TARGET = 11.2;
				MTL_ENABLE_DEBUG_INFO = YES;
				ONLY_ACTIVE_ARCH = YES;
				SDKROOT = iphoneos;
				SWIFT_ACTIVE_COMPILATION_CONDITIONS = DEBUG;
				SWIFT_OPTIMIZATION_LEVEL = "-Onone";
			};
			name = Debug;
		};
		FFD7C0F72062A9640011C752 /* Release */ = {
			isa = XCBuildConfiguration;
			buildSettings = {
				ALWAYS_SEARCH_USER_PATHS = NO;
				CLANG_ANALYZER_NONNULL = YES;
				CLANG_ANALYZER_NUMBER_OBJECT_CONVERSION = YES_AGGRESSIVE;
				CLANG_CXX_LANGUAGE_STANDARD = "gnu++14";
				CLANG_CXX_LIBRARY = "libc++";
				CLANG_ENABLE_MODULES = YES;
				CLANG_ENABLE_OBJC_ARC = YES;
				CLANG_WARN_BLOCK_CAPTURE_AUTORELEASING = YES;
				CLANG_WARN_BOOL_CONVERSION = YES;
				CLANG_WARN_COMMA = YES;
				CLANG_WARN_CONSTANT_CONVERSION = YES;
				CLANG_WARN_DIRECT_OBJC_ISA_USAGE = YES_ERROR;
				CLANG_WARN_DOCUMENTATION_COMMENTS = YES;
				CLANG_WARN_EMPTY_BODY = YES;
				CLANG_WARN_ENUM_CONVERSION = YES;
				CLANG_WARN_INFINITE_RECURSION = YES;
				CLANG_WARN_INT_CONVERSION = YES;
				CLANG_WARN_NON_LITERAL_NULL_CONVERSION = YES;
				CLANG_WARN_OBJC_LITERAL_CONVERSION = YES;
				CLANG_WARN_OBJC_ROOT_CLASS = YES_ERROR;
				CLANG_WARN_RANGE_LOOP_ANALYSIS = YES;
				CLANG_WARN_STRICT_PROTOTYPES = YES;
				CLANG_WARN_SUSPICIOUS_MOVE = YES;
				CLANG_WARN_UNGUARDED_AVAILABILITY = YES_AGGRESSIVE;
				CLANG_WARN_UNREACHABLE_CODE = YES;
				CLANG_WARN__DUPLICATE_METHOD_MATCH = YES;
				CODE_SIGN_IDENTITY = "iPhone Developer";
				COPY_PHASE_STRIP = NO;
				DEBUG_INFORMATION_FORMAT = "dwarf-with-dsym";
				ENABLE_NS_ASSERTIONS = NO;
				ENABLE_STRICT_OBJC_MSGSEND = YES;
				GCC_C_LANGUAGE_STANDARD = gnu11;
				GCC_NO_COMMON_BLOCKS = YES;
				GCC_WARN_64_TO_32_BIT_CONVERSION = YES;
				GCC_WARN_ABOUT_RETURN_TYPE = YES_ERROR;
				GCC_WARN_UNDECLARED_SELECTOR = YES;
				GCC_WARN_UNINITIALIZED_AUTOS = YES_AGGRESSIVE;
				GCC_WARN_UNUSED_FUNCTION = YES;
				GCC_WARN_UNUSED_VARIABLE = YES;
				IPHONEOS_DEPLOYMENT_TARGET = 11.2;
				MTL_ENABLE_DEBUG_INFO = NO;
				SDKROOT = iphoneos;
				SWIFT_OPTIMIZATION_LEVEL = "-Owholemodule";
				VALIDATE_PRODUCT = YES;
			};
			name = Release;
		};
		FFD7C0F92062A9640011C752 /* Debug */ = {
			isa = XCBuildConfiguration;
			buildSettings = {
				ASSETCATALOG_COMPILER_APPICON_NAME = AppIcon;
				CODE_SIGN_STYLE = Automatic;
				DEVELOPMENT_TEAM = ZP95T9MQBZ;
				INFOPLIST_FILE = iCarouselDemo/Info.plist;
				LD_RUNPATH_SEARCH_PATHS = "$(inherited) @executable_path/Frameworks";
				PRODUCT_BUNDLE_IDENTIFIER = com.iCarouselDemo;
				PRODUCT_NAME = "$(TARGET_NAME)";
				SWIFT_OBJC_BRIDGING_HEADER = "/Users/sachin/Desktop/iCarouselDemo/iCarouselDemo/iCarouselDemo-Bridging-Header.h";
				SWIFT_VERSION = 3.0;
				TARGETED_DEVICE_FAMILY = "1,2";
			};
			name = Debug;
		};
		FFD7C0FA2062A9640011C752 /* Release */ = {
			isa = XCBuildConfiguration;
			buildSettings = {
				ASSETCATALOG_COMPILER_APPICON_NAME = AppIcon;
				CODE_SIGN_STYLE = Automatic;
				DEVELOPMENT_TEAM = ZP95T9MQBZ;
				INFOPLIST_FILE = iCarouselDemo/Info.plist;
				LD_RUNPATH_SEARCH_PATHS = "$(inherited) @executable_path/Frameworks";
				PRODUCT_BUNDLE_IDENTIFIER = com.iCarouselDemo;
				PRODUCT_NAME = "$(TARGET_NAME)";
				SWIFT_OBJC_BRIDGING_HEADER = "/Users/sachin/Desktop/iCarouselDemo/iCarouselDemo/iCarouselDemo-Bridging-Header.h";
				SWIFT_VERSION = 3.0;
				TARGETED_DEVICE_FAMILY = "1,2";
			};
			name = Release;
		};
		FFD7C0FC2062A9640011C752 /* Debug */ = {
			isa = XCBuildConfiguration;
			buildSettings = {
				ALWAYS_EMBED_SWIFT_STANDARD_LIBRARIES = YES;
				BUNDLE_LOADER = "$(TEST_HOST)";
				CODE_SIGN_STYLE = Automatic;
				DEVELOPMENT_TEAM = ZP95T9MQBZ;
				INFOPLIST_FILE = iCarouselDemoTests/Info.plist;
				LD_RUNPATH_SEARCH_PATHS = "$(inherited) @executable_path/Frameworks @loader_path/Frameworks";
				PRODUCT_BUNDLE_IDENTIFIER = com.iCarouselDemoTests;
				PRODUCT_NAME = "$(TARGET_NAME)";
				SWIFT_VERSION = 4.0;
				TARGETED_DEVICE_FAMILY = "1,2";
				TEST_HOST = "$(BUILT_PRODUCTS_DIR)/iCarouselDemo.app/iCarouselDemo";
			};
			name = Debug;
		};
		FFD7C0FD2062A9640011C752 /* Release */ = {
			isa = XCBuildConfiguration;
			buildSettings = {
				ALWAYS_EMBED_SWIFT_STANDARD_LIBRARIES = YES;
				BUNDLE_LOADER = "$(TEST_HOST)";
				CODE_SIGN_STYLE = Automatic;
				DEVELOPMENT_TEAM = ZP95T9MQBZ;
				INFOPLIST_FILE = iCarouselDemoTests/Info.plist;
				LD_RUNPATH_SEARCH_PATHS = "$(inherited) @executable_path/Frameworks @loader_path/Frameworks";
				PRODUCT_BUNDLE_IDENTIFIER = com.iCarouselDemoTests;
				PRODUCT_NAME = "$(TARGET_NAME)";
				SWIFT_VERSION = 4.0;
				TARGETED_DEVICE_FAMILY = "1,2";
				TEST_HOST = "$(BUILT_PRODUCTS_DIR)/iCarouselDemo.app/iCarouselDemo";
			};
			name = Release;
		};
		FFD7C0FF2062A9640011C752 /* Debug */ = {
			isa = XCBuildConfiguration;
			buildSettings = {
				ALWAYS_EMBED_SWIFT_STANDARD_LIBRARIES = YES;
				CODE_SIGN_STYLE = Automatic;
				DEVELOPMENT_TEAM = ZP95T9MQBZ;
				INFOPLIST_FILE = iCarouselDemoUITests/Info.plist;
				LD_RUNPATH_SEARCH_PATHS = "$(inherited) @executable_path/Frameworks @loader_path/Frameworks";
				PRODUCT_BUNDLE_IDENTIFIER = com.iCarouselDemoUITests;
				PRODUCT_NAME = "$(TARGET_NAME)";
				SWIFT_VERSION = 4.0;
				TARGETED_DEVICE_FAMILY = "1,2";
				TEST_TARGET_NAME = iCarouselDemo;
			};
			name = Debug;
		};
		FFD7C1002062A9640011C752 /* Release */ = {
			isa = XCBuildConfiguration;
			buildSettings = {
				ALWAYS_EMBED_SWIFT_STANDARD_LIBRARIES = YES;
				CODE_SIGN_STYLE = Automatic;
				DEVELOPMENT_TEAM = ZP95T9MQBZ;
				INFOPLIST_FILE = iCarouselDemoUITests/Info.plist;
				LD_RUNPATH_SEARCH_PATHS = "$(inherited) @executable_path/Frameworks @loader_path/Frameworks";
				PRODUCT_BUNDLE_IDENTIFIER = com.iCarouselDemoUITests;
				PRODUCT_NAME = "$(TARGET_NAME)";
				SWIFT_VERSION = 4.0;
				TARGETED_DEVICE_FAMILY = "1,2";
				TEST_TARGET_NAME = iCarouselDemo;
			};
			name = Release;
		};
/* End XCBuildConfiguration section */

/* Begin XCConfigurationList section */
		FFD7C0CB2062A9640011C752 /* Build configuration list for PBXProject "iCarouselDemo" */ = {
			isa = XCConfigurationList;
			buildConfigurations = (
				FFD7C0F62062A9640011C752 /* Debug */,
				FFD7C0F72062A9640011C752 /* Release */,
			);
			defaultConfigurationIsVisible = 0;
			defaultConfigurationName = Release;
		};
		FFD7C0F82062A9640011C752 /* Build configuration list for PBXNativeTarget "iCarouselDemo" */ = {
			isa = XCConfigurationList;
			buildConfigurations = (
				FFD7C0F92062A9640011C752 /* Debug */,
				FFD7C0FA2062A9640011C752 /* Release */,
			);
			defaultConfigurationIsVisible = 0;
			defaultConfigurationName = Release;
		};
		FFD7C0FB2062A9640011C752 /* Build configuration list for PBXNativeTarget "iCarouselDemoTests" */ = {
			isa = XCConfigurationList;
			buildConfigurations = (
				FFD7C0FC2062A9640011C752 /* Debug */,
				FFD7C0FD2062A9640011C752 /* Release */,
			);
			defaultConfigurationIsVisible = 0;
			defaultConfigurationName = Release;
		};
		FFD7C0FE2062A9640011C752 /* Build configuration list for PBXNativeTarget "iCarouselDemoUITests" */ = {
			isa = XCConfigurationList;
			buildConfigurations = (
				FFD7C0FF2062A9640011C752 /* Debug */,
				FFD7C1002062A9640011C752 /* Release */,
			);
			defaultConfigurationIsVisible = 0;
			defaultConfigurationName = Release;
		};
/* End XCConfigurationList section */
	};
	rootObject = FFD7C0C82062A9640011C752 /* Project object */;
}
